
Microsoft Visual Studio Solution File, Format Version 12.00
# Visual Studio Version 16
VisualStudioVersion = 16.0.29123.88
MinimumVisualStudioVersion = 10.0.40219.1
Project("{FAE04EC0-301F-11D3-BF4B-00C04F79EFBC}") = "AGHTestApp", "AGHTestApp.csproj", "{8FB3E5D2-792A-493E-9307-D5B65FAA5FFB}"
EndProject
Global
	GlobalSection(SolutionConfigurationPlatforms) = preSolution
		Debug|Any CPU = Debug|Any CPU
		Release|Any CPU = Release|Any CPU
	EndGlobalSection
	GlobalSection(ProjectConfigurationPlatforms) = postSolution
		{8FB3E5D2-792A-493E-9307-D5B65FAA5FFB}.Debug|Any CPU.ActiveCfg = Debug|Any CPU
		{8FB3E5D2-792A-493E-9307-D5B65FAA5FFB}.Debug|Any CPU.Build.0 = Debug|Any CPU
		{8FB3E5D2-792A-493E-9307-D5B65FAA5FFB}.Release|Any CPU.ActiveCfg = Release|Any CPU
		{8FB3E5D2-792A-493E-9307-D5B65FAA5FFB}.Release|Any CPU.Build.0 = Release|Any CPU
	EndGlobalSection
	GlobalSection(SolutionProperties) = preSolution
		HideSolutionNode = FALSE
	EndGlobalSection
	GlobalSection(ExtensibilityGlobals) = postSolution
		SolutionGuid = {8116D103-C84A-417C-B1FD-390F796F7A5F}
	EndGlobalSection
EndGlobal
